
Microsoft Visual Studio Solution File, Format Version 12.00
# Visual Studio Version 17
VisualStudioVersion = 17.10.34928.147
MinimumVisualStudioVersion = 10.0.40219.1
Project("{9A19103F-16F7-4668-BE54-9A1E7A4F7556}") = "TA.DataAccess.SqlServer", "TA.DataAccess.SqlServer\TA.DataAccess.SqlServer.csproj", "{11A74B65-11BD-4FCD-9F29-50DBF9C773D6}"
EndProject
Project("{FAE04EC0-301F-11D3-BF4B-00C04F79EFBC}") = "SqlServerHelperTest", "SqlServerHelperTest\SqlServerHelperTest.csproj", "{5C80CFC1-4928-401F-8F9B-A2E5BEC75869}"
EndProject
Global
	GlobalSection(SolutionConfigurationPlatforms) = preSolution
		Debug|Any CPU = Debug|Any CPU
		Release|Any CPU = Release|Any CPU
	EndGlobalSection
	GlobalSection(ProjectConfigurationPlatforms) = postSolution
		{11A74B65-11BD-4FCD-9F29-50DBF9C773D6}.Debug|Any CPU.ActiveCfg = Debug|Any CPU
		{11A74B65-11BD-4FCD-9F29-50DBF9C773D6}.Debug|Any CPU.Build.0 = Debug|Any CPU
		{11A74B65-11BD-4FCD-9F29-50DBF9C773D6}.Release|Any CPU.ActiveCfg = Release|Any CPU
		{11A74B65-11BD-4FCD-9F29-50DBF9C773D6}.Release|Any CPU.Build.0 = Release|Any CPU
		{5C80CFC1-4928-401F-8F9B-A2E5BEC75869}.Debug|Any CPU.ActiveCfg = Debug|Any CPU
		{5C80CFC1-4928-401F-8F9B-A2E5BEC75869}.Debug|Any CPU.Build.0 = Debug|Any CPU
		{5C80CFC1-4928-401F-8F9B-A2E5BEC75869}.Release|Any CPU.ActiveCfg = Release|Any CPU
		{5C80CFC1-4928-401F-8F9B-A2E5BEC75869}.Release|Any CPU.Build.0 = Release|Any CPU
	EndGlobalSection
	GlobalSection(SolutionProperties) = preSolution
		HideSolutionNode = FALSE
	EndGlobalSection
	GlobalSection(ExtensibilityGlobals) = postSolution
		SolutionGuid = {2A5D8760-EECF-4E56-B658-8C35CBEC12DC}
	EndGlobalSection
EndGlobal
